
Microsoft Visual Studio Solution File, Format Version 12.00
# Visual Studio Version 17
VisualStudioVersion = 17.2.32616.157
MinimumVisualStudioVersion = 10.0.40219.1
Project("{FAE04EC0-301F-11D3-BF4B-00C04F79EFBC}") = "MVVM", "MVVM.csproj", "{E0D7F056-A325-4C1B-827B-B6A94E75713D}"
EndProject
Global
	GlobalSection(SolutionConfigurationPlatforms) = preSolution
		Debug|Any CPU = Debug|Any CPU
		Release|Any CPU = Release|Any CPU
	EndGlobalSection
	GlobalSection(ProjectConfigurationPlatforms) = postSolution
		{E0D7F056-A325-4C1B-827B-B6A94E75713D}.Debug|Any CPU.ActiveCfg = Debug|Any CPU
		{E0D7F056-A325-4C1B-827B-B6A94E75713D}.Debug|Any CPU.Build.0 = Debug|Any CPU
		{E0D7F056-A325-4C1B-827B-B6A94E75713D}.Release|Any CPU.ActiveCfg = Release|Any CPU
		{E0D7F056-A325-4C1B-827B-B6A94E75713D}.Release|Any CPU.Build.0 = Release|Any CPU
	EndGlobalSection
	GlobalSection(SolutionProperties) = preSolution
		HideSolutionNode = FALSE
	EndGlobalSection
	GlobalSection(ExtensibilityGlobals) = postSolution
		SolutionGuid = {38F4FD00-3DEF-4F09-BFA9-2FC4569D54CB}
	EndGlobalSection
EndGlobal
